{
  "version": 4,
  "terraform_version": "1.1.2",
  "serial": 46,
  "lineage": "bce6dfd7-aa6b-c1b8-7a22-e33dec7823b8",
  "outputs": {},
  "resources": [
    {
      "mode": "managed",
      "type": "google_compute_firewall",
      "name": "k3s",
      "provider": "provider[\"registry.terraform.io/hashicorp/google\"]",
      "instances": [
        {
          "schema_version": 1,
          "attributes": {
            "allow": [
              {
                "ports": [
                  "6443"
                ],
                "protocol": "tcp"
              }
            ],
            "creation_timestamp": "2021-12-23T05:46:28.373-08:00",
            "deny": [],
            "description": "",
            "destination_ranges": [],
            "direction": "INGRESS",
            "disabled": false,
            "enable_logging": false,
            "id": "projects/ecstatic-pod-334509/global/firewalls/k3s",
            "name": "k3s",
            "network": "https://www.googleapis.com/compute/v1/projects/ecstatic-pod-334509/global/networks/terraform-network",
            "priority": 1000,
            "project": "ecstatic-pod-334509",
            "self_link": "https://www.googleapis.com/compute/v1/projects/ecstatic-pod-334509/global/firewalls/k3s",
            "source_ranges": [
              "0.0.0.0/0"
            ],
            "source_service_accounts": [],
            "source_tags": [],
            "target_service_accounts": [],
            "target_tags": [],
            "timeouts": null
          },
          "sensitive_attributes": [],
          "private": "eyJlMmJmYjczMC1lY2FhLTExZTYtOGY4OC0zNDM2M2JjN2M0YzAiOnsiY3JlYXRlIjoyNDAwMDAwMDAwMDAsImRlbGV0ZSI6MjQwMDAwMDAwMDAwLCJ1cGRhdGUiOjI0MDAwMDAwMDAwMH0sInNjaGVtYV92ZXJzaW9uIjoiMSJ9"
        }
      ]
    },
    {
      "mode": "managed",
      "type": "google_compute_firewall",
      "name": "ssh",
      "provider": "provider[\"registry.terraform.io/hashicorp/google\"]",
      "instances": [
        {
          "schema_version": 1,
          "attributes": {
            "allow": [
              {
                "ports": [
                  "22"
                ],
                "protocol": "tcp"
              },
              {
                "ports": [],
                "protocol": "icmp"
              }
            ],
            "creation_timestamp": "2021-12-23T05:46:28.374-08:00",
            "deny": [],
            "description": "Creates firewall rule targeting tagged instances",
            "destination_ranges": [],
            "direction": "INGRESS",
            "disabled": false,
            "enable_logging": false,
            "id": "projects/ecstatic-pod-334509/global/firewalls/ssh-firewall",
            "name": "ssh-firewall",
            "network": "https://www.googleapis.com/compute/v1/projects/ecstatic-pod-334509/global/networks/terraform-network",
            "priority": 1000,
            "project": "ecstatic-pod-334509",
            "self_link": "https://www.googleapis.com/compute/v1/projects/ecstatic-pod-334509/global/firewalls/ssh-firewall",
            "source_ranges": [
              "0.0.0.0/0"
            ],
            "source_service_accounts": [],
            "source_tags": [],
            "target_service_accounts": [],
            "target_tags": [],
            "timeouts": null
          },
          "sensitive_attributes": [],
          "private": "eyJlMmJmYjczMC1lY2FhLTExZTYtOGY4OC0zNDM2M2JjN2M0YzAiOnsiY3JlYXRlIjoyNDAwMDAwMDAwMDAsImRlbGV0ZSI6MjQwMDAwMDAwMDAwLCJ1cGRhdGUiOjI0MDAwMDAwMDAwMH0sInNjaGVtYV92ZXJzaW9uIjoiMSJ9"
        }
      ]
    },
    {
      "mode": "managed",
      "type": "google_compute_instance",
      "name": "vm_instance",
      "provider": "provider[\"registry.terraform.io/hashicorp/google\"]",
      "instances": [
        {
          "index_key": 0,
          "schema_version": 6,
          "attributes": {
            "allow_stopping_for_update": true,
            "attached_disk": [],
            "boot_disk": [
              {
                "auto_delete": true,
                "device_name": "persistent-disk-0",
                "disk_encryption_key_raw": "",
                "disk_encryption_key_sha256": "",
                "initialize_params": [
                  {
                    "image": "https://www.googleapis.com/compute/v1/projects/ubuntu-os-cloud/global/images/ubuntu-2004-focal-v20211212",
                    "labels": {},
                    "size": 10,
                    "type": "pd-standard"
                  }
                ],
                "kms_key_self_link": "",
                "mode": "READ_WRITE",
                "source": "https://www.googleapis.com/compute/v1/projects/ecstatic-pod-334509/zones/europe-west3-b/disks/knoten-0"
              }
            ],
            "can_ip_forward": false,
            "cpu_platform": "Intel Broadwell",
            "deletion_protection": false,
            "description": "",
            "enable_display": false,
            "guest_accelerator": [],
            "hostname": "",
            "id": "projects/ecstatic-pod-334509/zones/europe-west3-b/instances/knoten-0",
            "instance_id": "8999360246852436176",
            "label_fingerprint": "42WmSpB8rSM=",
            "labels": null,
            "machine_type": "f1-micro",
            "metadata": {
              "ssh-keys": "bruno:ssh-rsa AAAAB3NzaC1yc2EAAAADAQABAAABgQDEnhuQesEODrNjPl67NkQUBP5coXc6YksMFnhsxThnzmFERl/Ecu3iu6+D1dmJTwwOFcroOqkPZQNxz1AvsOwqIAlSgQAHN6mOyW7ewGhl7RNj/S4TIycOkB8cg9AFE/sxcODgUtlgw/ZuiUjdHRw+tknUZIfxaBBTxYOcAH61PWADS3tjio/N4qVNgylgFZG7dv/cUK7mtDLK9D0ji+WGuxUu3TRvMxlvk1xim1P23ccJqOmo5rMfYlIe3sR3658I2/kfoUJ0Wtw2xIScreKAGymrLlJ5/pZdsWsD30VyNB52haSahQcPz5gY5aCBLDVRCp//jrS9ALObfOsFMku9jNYYZF4meM3rWxxR+lDUIympTIHREV429kYT8uwIxdjQCggCg+s4OXaoD2kkf+/qgbg/d0WeWk+rOAM/evqktWlMzghC8w5FsqysRrG83UTsL7Z7Z9hSW2iEOL5uKXQFlt+WG6f7IOXdru0fahUgzsFlSHLrqLP2K7nRPrSZOok= bruno@maasserver\n"
            },
            "metadata_fingerprint": "hGSEbLs5BwQ=",
            "metadata_startup_script": "",
            "min_cpu_platform": "",
            "name": "knoten-0",
            "network_interface": [
              {
                "access_config": [
                  {
                    "nat_ip": "34.159.232.5",
                    "network_tier": "PREMIUM",
                    "public_ptr_domain_name": ""
                  }
                ],
                "alias_ip_range": [],
                "name": "nic0",
                "network": "https://www.googleapis.com/compute/v1/projects/ecstatic-pod-334509/global/networks/terraform-network",
                "network_ip": "10.156.0.14",
                "subnetwork": "https://www.googleapis.com/compute/v1/projects/ecstatic-pod-334509/regions/europe-west3/subnetworks/terraform-network",
                "subnetwork_project": "ecstatic-pod-334509"
              }
            ],
            "project": "ecstatic-pod-334509",
            "scheduling": [
              {
                "automatic_restart": true,
                "node_affinities": [],
                "on_host_maintenance": "MIGRATE",
                "preemptible": false
              }
            ],
            "scratch_disk": [],
            "self_link": "https://www.googleapis.com/compute/v1/projects/ecstatic-pod-334509/zones/europe-west3-b/instances/knoten-0",
            "service_account": [],
            "shielded_instance_config": [
              {
                "enable_integrity_monitoring": true,
                "enable_secure_boot": false,
                "enable_vtpm": true
              }
            ],
            "tags": null,
            "tags_fingerprint": "42WmSpB8rSM=",
            "timeouts": null,
            "zone": "europe-west3-b"
          },
          "sensitive_attributes": [],
          "private": "eyJlMmJmYjczMC1lY2FhLTExZTYtOGY4OC0zNDM2M2JjN2M0YzAiOnsiY3JlYXRlIjoxMjAwMDAwMDAwMDAwLCJkZWxldGUiOjEyMDAwMDAwMDAwMDAsInVwZGF0ZSI6MTIwMDAwMDAwMDAwMH0sInNjaGVtYV92ZXJzaW9uIjoiNiJ9"
        },
        {
          "index_key": 1,
          "schema_version": 6,
          "attributes": {
            "allow_stopping_for_update": true,
            "attached_disk": [],
            "boot_disk": [
              {
                "auto_delete": true,
                "device_name": "persistent-disk-0",
                "disk_encryption_key_raw": "",
                "disk_encryption_key_sha256": "",
                "initialize_params": [
                  {
                    "image": "https://www.googleapis.com/compute/v1/projects/ubuntu-os-cloud/global/images/ubuntu-2004-focal-v20211212",
                    "labels": {},
                    "size": 10,
                    "type": "pd-standard"
                  }
                ],
                "kms_key_self_link": "",
                "mode": "READ_WRITE",
                "source": "https://www.googleapis.com/compute/v1/projects/ecstatic-pod-334509/zones/europe-west3-b/disks/knoten-1"
              }
            ],
            "can_ip_forward": false,
            "cpu_platform": "Intel Broadwell",
            "deletion_protection": false,
            "description": "",
            "enable_display": false,
            "guest_accelerator": [],
            "hostname": "",
            "id": "projects/ecstatic-pod-334509/zones/europe-west3-b/instances/knoten-1",
            "instance_id": "5801743183581364433",
            "label_fingerprint": "42WmSpB8rSM=",
            "labels": null,
            "machine_type": "f1-micro",
            "metadata": {
              "ssh-keys": "bruno:ssh-rsa AAAAB3NzaC1yc2EAAAADAQABAAABgQDEnhuQesEODrNjPl67NkQUBP5coXc6YksMFnhsxThnzmFERl/Ecu3iu6+D1dmJTwwOFcroOqkPZQNxz1AvsOwqIAlSgQAHN6mOyW7ewGhl7RNj/S4TIycOkB8cg9AFE/sxcODgUtlgw/ZuiUjdHRw+tknUZIfxaBBTxYOcAH61PWADS3tjio/N4qVNgylgFZG7dv/cUK7mtDLK9D0ji+WGuxUu3TRvMxlvk1xim1P23ccJqOmo5rMfYlIe3sR3658I2/kfoUJ0Wtw2xIScreKAGymrLlJ5/pZdsWsD30VyNB52haSahQcPz5gY5aCBLDVRCp//jrS9ALObfOsFMku9jNYYZF4meM3rWxxR+lDUIympTIHREV429kYT8uwIxdjQCggCg+s4OXaoD2kkf+/qgbg/d0WeWk+rOAM/evqktWlMzghC8w5FsqysRrG83UTsL7Z7Z9hSW2iEOL5uKXQFlt+WG6f7IOXdru0fahUgzsFlSHLrqLP2K7nRPrSZOok= bruno@maasserver\n"
            },
            "metadata_fingerprint": "hGSEbLs5BwQ=",
            "metadata_startup_script": "",
            "min_cpu_platform": "",
            "name": "knoten-1",
            "network_interface": [
              {
                "access_config": [
                  {
                    "nat_ip": "34.159.157.147",
                    "network_tier": "PREMIUM",
                    "public_ptr_domain_name": ""
                  }
                ],
                "alias_ip_range": [],
                "name": "nic0",
                "network": "https://www.googleapis.com/compute/v1/projects/ecstatic-pod-334509/global/networks/terraform-network",
                "network_ip": "10.156.0.13",
                "subnetwork": "https://www.googleapis.com/compute/v1/projects/ecstatic-pod-334509/regions/europe-west3/subnetworks/terraform-network",
                "subnetwork_project": "ecstatic-pod-334509"
              }
            ],
            "project": "ecstatic-pod-334509",
            "scheduling": [
              {
                "automatic_restart": true,
                "node_affinities": [],
                "on_host_maintenance": "MIGRATE",
                "preemptible": false
              }
            ],
            "scratch_disk": [],
            "self_link": "https://www.googleapis.com/compute/v1/projects/ecstatic-pod-334509/zones/europe-west3-b/instances/knoten-1",
            "service_account": [],
            "shielded_instance_config": [
              {
                "enable_integrity_monitoring": true,
                "enable_secure_boot": false,
                "enable_vtpm": true
              }
            ],
            "tags": null,
            "tags_fingerprint": "42WmSpB8rSM=",
            "timeouts": null,
            "zone": "europe-west3-b"
          },
          "sensitive_attributes": [],
          "private": "eyJlMmJmYjczMC1lY2FhLTExZTYtOGY4OC0zNDM2M2JjN2M0YzAiOnsiY3JlYXRlIjoxMjAwMDAwMDAwMDAwLCJkZWxldGUiOjEyMDAwMDAwMDAwMDAsInVwZGF0ZSI6MTIwMDAwMDAwMDAwMH0sInNjaGVtYV92ZXJzaW9uIjoiNiJ9"
        },
        {
          "index_key": 2,
          "schema_version": 6,
          "attributes": {
            "allow_stopping_for_update": true,
            "attached_disk": [],
            "boot_disk": [
              {
                "auto_delete": true,
                "device_name": "persistent-disk-0",
                "disk_encryption_key_raw": "",
                "disk_encryption_key_sha256": "",
                "initialize_params": [
                  {
                    "image": "https://www.googleapis.com/compute/v1/projects/ubuntu-os-cloud/global/images/ubuntu-2004-focal-v20211212",
                    "labels": {},
                    "size": 10,
                    "type": "pd-standard"
                  }
                ],
                "kms_key_self_link": "",
                "mode": "READ_WRITE",
                "source": "https://www.googleapis.com/compute/v1/projects/ecstatic-pod-334509/zones/europe-west3-b/disks/knoten-2"
              }
            ],
            "can_ip_forward": false,
            "cpu_platform": "Intel Broadwell",
            "deletion_protection": false,
            "description": "",
            "enable_display": false,
            "guest_accelerator": [],
            "hostname": "",
            "id": "projects/ecstatic-pod-334509/zones/europe-west3-b/instances/knoten-2",
            "instance_id": "6621484923778318545",
            "label_fingerprint": "42WmSpB8rSM=",
            "labels": null,
            "machine_type": "f1-micro",
            "metadata": {
              "ssh-keys": "bruno:ssh-rsa AAAAB3NzaC1yc2EAAAADAQABAAABgQDEnhuQesEODrNjPl67NkQUBP5coXc6YksMFnhsxThnzmFERl/Ecu3iu6+D1dmJTwwOFcroOqkPZQNxz1AvsOwqIAlSgQAHN6mOyW7ewGhl7RNj/S4TIycOkB8cg9AFE/sxcODgUtlgw/ZuiUjdHRw+tknUZIfxaBBTxYOcAH61PWADS3tjio/N4qVNgylgFZG7dv/cUK7mtDLK9D0ji+WGuxUu3TRvMxlvk1xim1P23ccJqOmo5rMfYlIe3sR3658I2/kfoUJ0Wtw2xIScreKAGymrLlJ5/pZdsWsD30VyNB52haSahQcPz5gY5aCBLDVRCp//jrS9ALObfOsFMku9jNYYZF4meM3rWxxR+lDUIympTIHREV429kYT8uwIxdjQCggCg+s4OXaoD2kkf+/qgbg/d0WeWk+rOAM/evqktWlMzghC8w5FsqysRrG83UTsL7Z7Z9hSW2iEOL5uKXQFlt+WG6f7IOXdru0fahUgzsFlSHLrqLP2K7nRPrSZOok= bruno@maasserver\n"
            },
            "metadata_fingerprint": "hGSEbLs5BwQ=",
            "metadata_startup_script": "",
            "min_cpu_platform": "",
            "name": "knoten-2",
            "network_interface": [
              {
                "access_config": [
                  {
                    "nat_ip": "34.159.123.43",
                    "network_tier": "PREMIUM",
                    "public_ptr_domain_name": ""
                  }
                ],
                "alias_ip_range": [],
                "name": "nic0",
                "network": "https://www.googleapis.com/compute/v1/projects/ecstatic-pod-334509/global/networks/terraform-network",
                "network_ip": "10.156.0.12",
                "subnetwork": "https://www.googleapis.com/compute/v1/projects/ecstatic-pod-334509/regions/europe-west3/subnetworks/terraform-network",
                "subnetwork_project": "ecstatic-pod-334509"
              }
            ],
            "project": "ecstatic-pod-334509",
            "scheduling": [
              {
                "automatic_restart": true,
                "node_affinities": [],
                "on_host_maintenance": "MIGRATE",
                "preemptible": false
              }
            ],
            "scratch_disk": [],
            "self_link": "https://www.googleapis.com/compute/v1/projects/ecstatic-pod-334509/zones/europe-west3-b/instances/knoten-2",
            "service_account": [],
            "shielded_instance_config": [
              {
                "enable_integrity_monitoring": true,
                "enable_secure_boot": false,
                "enable_vtpm": true
              }
            ],
            "tags": null,
            "tags_fingerprint": "42WmSpB8rSM=",
            "timeouts": null,
            "zone": "europe-west3-b"
          },
          "sensitive_attributes": [],
          "private": "eyJlMmJmYjczMC1lY2FhLTExZTYtOGY4OC0zNDM2M2JjN2M0YzAiOnsiY3JlYXRlIjoxMjAwMDAwMDAwMDAwLCJkZWxldGUiOjEyMDAwMDAwMDAwMDAsInVwZGF0ZSI6MTIwMDAwMDAwMDAwMH0sInNjaGVtYV92ZXJzaW9uIjoiNiJ9"
        }
      ]
    },
    {
      "mode": "managed",
      "type": "local_file",
      "name": "gcp_hosts_cfg",
      "provider": "provider[\"registry.terraform.io/hashicorp/local\"]",
      "instances": [
        {
          "schema_version": 0,
          "attributes": {
            "content": "[gcp]\n34.159.232.5\n34.159.157.147\n34.159.123.43\n\n\n\n[gcp:vars]\nansible_user=dominic\nansible_user=bruno\n",
            "content_base64": null,
            "directory_permission": "0777",
            "file_permission": "660",
            "filename": "./gcp_hosts.cfg",
            "id": "61890c99e779ce095e9be31d68dd7111ac3d2287",
            "sensitive_content": null,
            "source": null
          },
          "sensitive_attributes": [],
          "private": "bnVsbA==",
          "dependencies": [
            "google_compute_instance.vm_instance"
          ]
        }
      ]
    }
  ]
}
